{
  "name": "all-demo",
  "version": "1.0.0",
  "lockfileVersion": 1,
  "requires": true,
  "dependencies": {
    "single-spa": {
      "version": "5.9.2",
      "resolved": "https://registry.npm.taobao.org/single-spa/download/single-spa-5.9.2.tgz",
      "integrity": "sha1-S7mm62yQ4xmLFUnYzesDJBQBsVs="
    }
  }
}
